{
  "name": "ass4",
  "version": "1.0.0",
  "lockfileVersion": 1,
  "requires": true,
  "dependencies": {
    "@types/d3": {
      "version": "3.5.38",
      "resolved": "https://registry.npmjs.org/@types/d3/-/d3-3.5.38.tgz",
      "integrity": "sha1-dvjy6RWa5WKWWy+g5vvuGqZDobw="
    },
    "commander": {
      "version": "2.19.0",
      "resolved": "https://registry.npmjs.org/commander/-/commander-2.19.0.tgz",
      "integrity": "sha512-6tvAOO+D6OENvRAh524Dh9jcfKTYDQAqvqezbCW82xj5X0pSrcpxtvRKHLG0yBY6SD7PSDrJaj+0AiOcKVd1Xg=="
    },
    "d3": {
      "version": "3.5.17",
      "resolved": "https://registry.npmjs.org/d3/-/d3-3.5.17.tgz",
      "integrity": "sha1-vEZ0gAQ3iyGjYMn8fPUjF5B2L7g="
    },
    "d3-array": {
      "version": "1.2.4",
      "resolved": "https://registry.npmjs.org/d3-array/-/d3-array-1.2.4.tgz",
      "integrity": "sha512-KHW6M86R+FUPYGb3R5XiYjXPq7VzwxZ22buHhAEVG5ztoEcZZMLov530mmccaqA1GghZArjQV46fuc8kUqhhHw=="
    },
    "d3-geo": {
      "version": "1.11.3",
      "resolved": "https://registry.npmjs.org/d3-geo/-/d3-geo-1.11.3.tgz",
      "integrity": "sha512-n30yN9qSKREvV2fxcrhmHUdXP9TNH7ZZj3C/qnaoU0cVf/Ea85+yT7HY7i8ySPwkwjCNYtmKqQFTvLFngfkItQ==",
      "requires": {
        "d3-array": "1.2.4"
      }
    },
    "d3-geo-projection": {
      "version": "2.5.0",
      "resolved": "https://registry.npmjs.org/d3-geo-projection/-/d3-geo-projection-2.5.0.tgz",
      "integrity": "sha512-7jUgsamaS2eno52OfgjzxQCol2BM1yx4teLMAjvnKNK5abOIC+tlZxYsFirrpMRG4KkDKt8eJVqXbWm6XIIbCQ==",
      "requires": {
        "commander": "2.19.0",
        "d3-array": "1.2.4",
        "d3-geo": "1.11.3"
      }
    },
    "d3-queue": {
      "version": "2.0.3",
      "resolved": "https://registry.npmjs.org/d3-queue/-/d3-queue-2.0.3.tgz",
      "integrity": "sha1-B/vaOsrlNYqcUpmq+ICt8JU+0sI="
    },
    "datamaps": {
      "version": "0.5.9",
      "resolved": "https://registry.npmjs.org/datamaps/-/datamaps-0.5.9.tgz",
      "integrity": "sha512-GUXpO713URNzaExVUgBtqA5fr2UuxUG/fVitI04zEFHVL2FHSjd672alHq8E16oQqRNzF0m1bmx8WlTnDrGSqQ==",
      "requires": {
        "@types/d3": "3.5.38",
        "d3": "3.5.17",
        "topojson": "1.6.27"
      }
    },
    "iconv-lite": {
      "version": "0.2.11",
      "resolved": "http://registry.npmjs.org/iconv-lite/-/iconv-lite-0.2.11.tgz",
      "integrity": "sha1-HOYKOleGSiktEyH/RgnKS7llrcg="
    },
    "leaflet": {
      "version": "1.3.4",
      "resolved": "https://registry.npmjs.org/leaflet/-/leaflet-1.3.4.tgz",
      "integrity": "sha512-FYL1LGFdj6v+2Ifpw+AcFIuIOqjNggfoLUwuwQv6+3sS21Za7Wvapq+LhbSE4NDXrEj6eYnW3y7LsaBICpyXtw=="
    },
    "optimist": {
      "version": "0.3.7",
      "resolved": "https://registry.npmjs.org/optimist/-/optimist-0.3.7.tgz",
      "integrity": "sha1-yQlBrVnkJzMokjB00s8ufLxuwNk=",
      "requires": {
        "wordwrap": "0.0.3"
      },
      "dependencies": {
        "wordwrap": {
          "version": "0.0.3",
          "resolved": "https://registry.npmjs.org/wordwrap/-/wordwrap-0.0.3.tgz",
          "integrity": "sha1-o9XabNXAvAAI03I0u68b7WMFkQc="
        }
      }
    },
    "rw": {
      "version": "1.3.3",
      "resolved": "https://registry.npmjs.org/rw/-/rw-1.3.3.tgz",
      "integrity": "sha1-P4Yt+pGrdmsUiF700BEkv9oHT7Q="
    },
    "shapefile": {
      "version": "0.3.1",
      "resolved": "https://registry.npmjs.org/shapefile/-/shapefile-0.3.1.tgz",
      "integrity": "sha1-m7mkKb1ghqDPsDli0Uz99CD/uhI=",
      "requires": {
        "d3-queue": "1.2.3",
        "iconv-lite": "0.2.11",
        "optimist": "0.3.7"
      },
      "dependencies": {
        "d3-queue": {
          "version": "1.2.3",
          "resolved": "https://registry.npmjs.org/d3-queue/-/d3-queue-1.2.3.tgz",
          "integrity": "sha1-FDpwHPpl/gISkvMhwQ0U6Yq9SRs="
        }
      }
    },
    "topojson": {
      "version": "1.6.27",
      "resolved": "https://registry.npmjs.org/topojson/-/topojson-1.6.27.tgz",
      "integrity": "sha1-rb4zpn4vFnPTON8SZErSD8ILQu0=",
      "requires": {
        "d3": "3.5.17",
        "d3-queue": "2.0.3",
        "optimist": "0.3.7",
        "rw": "1.3.3",
        "shapefile": "0.3.1"
      }
    }
  }
}
